
Microsoft Visual Studio Solution File, Format Version 12.00
# Visual Studio Version 16
VisualStudioVersion = 16.0.30804.86
MinimumVisualStudioVersion = 10.0.40219.1
Project("{9A19103F-16F7-4668-BE54-9A1E7A4F7556}") = "Lab 1", "Lab 1\Lab 1.csproj", "{E8566862-9EBB-4AC4-8F61-24A0585BFD06}"
EndProject
Project("{9A19103F-16F7-4668-BE54-9A1E7A4F7556}") = "Lab 2", "Lab 2\Lab 2.csproj", "{C855A3CE-A7A2-4B61-8E08-E2B891857AE1}"
EndProject
Project("{9A19103F-16F7-4668-BE54-9A1E7A4F7556}") = "Assignment 1", "Assignment 1\Assignment 1.csproj", "{EE074BB2-8B58-4CBF-87C8-E28B385A1E45}"
EndProject
Project("{9A19103F-16F7-4668-BE54-9A1E7A4F7556}") = "Lab 3", "Lab 3\Lab 3.csproj", "{851450E3-553E-4FB5-8F7D-516748700D3F}"
EndProject
Project("{9A19103F-16F7-4668-BE54-9A1E7A4F7556}") = "Assignment 2", "Assignment 2\Assignment 2.csproj", "{43821C5A-D2B3-495F-9950-FCDB53C125AE}"
EndProject
Project("{9A19103F-16F7-4668-BE54-9A1E7A4F7556}") = "Lab 4", "Lab 4\Lab 4.csproj", "{79A00C16-4BCD-4397-9194-43F69EFEA16D}"
EndProject
Project("{9A19103F-16F7-4668-BE54-9A1E7A4F7556}") = "Assignment 3", "Assignment 3\Assignment 3.csproj", "{A28CD1E0-EB02-49E4-B5E5-F6D81F3BE76D}"
EndProject
Project("{9A19103F-16F7-4668-BE54-9A1E7A4F7556}") = "Lab 5", "Lab 5\Lab 5.csproj", "{3BB5E99D-EE17-4DBB-8428-2CD118BB06BC}"
EndProject
Project("{9A19103F-16F7-4668-BE54-9A1E7A4F7556}") = "Assignment 4", "Assignment 4\Assignment 4.csproj", "{3FCB6AB3-DE52-4DD1-A2F1-0A80076D52D2}"
EndProject
Project("{9A19103F-16F7-4668-BE54-9A1E7A4F7556}") = "Lab 6", "Lab 6\Lab 6.csproj", "{6D6F6503-3F20-42C6-8F6E-EE60F4244D2A}"
EndProject
Project("{9A19103F-16F7-4668-BE54-9A1E7A4F7556}") = "Assignment 5", "Assignment 5\Assignment 5.csproj", "{A272389A-44F0-4A6B-90B1-D06BAB75D001}"
EndProject
Project("{FAE04EC0-301F-11D3-BF4B-00C04F79EFBC}") = "Lab 7", "Lab 7\Lab 7.csproj", "{531DA3BF-CB25-4426-82E3-DF2E5224FAA1}"
EndProject
Project("{FAE04EC0-301F-11D3-BF4B-00C04F79EFBC}") = "Assignment 6", "Assignment 6\Assignment 6.csproj", "{CF64F6E2-88CF-4C5D-9E96-06D0302B10EB}"
EndProject
Global
	GlobalSection(SolutionConfigurationPlatforms) = preSolution
		Debug|Any CPU = Debug|Any CPU
		Release|Any CPU = Release|Any CPU
	EndGlobalSection
	GlobalSection(ProjectConfigurationPlatforms) = postSolution
		{E8566862-9EBB-4AC4-8F61-24A0585BFD06}.Debug|Any CPU.ActiveCfg = Debug|Any CPU
		{E8566862-9EBB-4AC4-8F61-24A0585BFD06}.Debug|Any CPU.Build.0 = Debug|Any CPU
		{E8566862-9EBB-4AC4-8F61-24A0585BFD06}.Release|Any CPU.ActiveCfg = Release|Any CPU
		{E8566862-9EBB-4AC4-8F61-24A0585BFD06}.Release|Any CPU.Build.0 = Release|Any CPU
		{C855A3CE-A7A2-4B61-8E08-E2B891857AE1}.Debug|Any CPU.ActiveCfg = Debug|Any CPU
		{C855A3CE-A7A2-4B61-8E08-E2B891857AE1}.Debug|Any CPU.Build.0 = Debug|Any CPU
		{C855A3CE-A7A2-4B61-8E08-E2B891857AE1}.Release|Any CPU.ActiveCfg = Release|Any CPU
		{C855A3CE-A7A2-4B61-8E08-E2B891857AE1}.Release|Any CPU.Build.0 = Release|Any CPU
		{EE074BB2-8B58-4CBF-87C8-E28B385A1E45}.Debug|Any CPU.ActiveCfg = Debug|Any CPU
		{EE074BB2-8B58-4CBF-87C8-E28B385A1E45}.Debug|Any CPU.Build.0 = Debug|Any CPU
		{EE074BB2-8B58-4CBF-87C8-E28B385A1E45}.Release|Any CPU.ActiveCfg = Release|Any CPU
		{EE074BB2-8B58-4CBF-87C8-E28B385A1E45}.Release|Any CPU.Build.0 = Release|Any CPU
		{851450E3-553E-4FB5-8F7D-516748700D3F}.Debug|Any CPU.ActiveCfg = Debug|Any CPU
		{851450E3-553E-4FB5-8F7D-516748700D3F}.Debug|Any CPU.Build.0 = Debug|Any CPU
		{851450E3-553E-4FB5-8F7D-516748700D3F}.Release|Any CPU.ActiveCfg = Release|Any CPU
		{851450E3-553E-4FB5-8F7D-516748700D3F}.Release|Any CPU.Build.0 = Release|Any CPU
		{43821C5A-D2B3-495F-9950-FCDB53C125AE}.Debug|Any CPU.ActiveCfg = Debug|Any CPU
		{43821C5A-D2B3-495F-9950-FCDB53C125AE}.Debug|Any CPU.Build.0 = Debug|Any CPU
		{43821C5A-D2B3-495F-9950-FCDB53C125AE}.Release|Any CPU.ActiveCfg = Release|Any CPU
		{43821C5A-D2B3-495F-9950-FCDB53C125AE}.Release|Any CPU.Build.0 = Release|Any CPU
		{79A00C16-4BCD-4397-9194-43F69EFEA16D}.Debug|Any CPU.ActiveCfg = Debug|Any CPU
		{79A00C16-4BCD-4397-9194-43F69EFEA16D}.Debug|Any CPU.Build.0 = Debug|Any CPU
		{79A00C16-4BCD-4397-9194-43F69EFEA16D}.Release|Any CPU.ActiveCfg = Release|Any CPU
		{79A00C16-4BCD-4397-9194-43F69EFEA16D}.Release|Any CPU.Build.0 = Release|Any CPU
		{A28CD1E0-EB02-49E4-B5E5-F6D81F3BE76D}.Debug|Any CPU.ActiveCfg = Debug|Any CPU
		{A28CD1E0-EB02-49E4-B5E5-F6D81F3BE76D}.Debug|Any CPU.Build.0 = Debug|Any CPU
		{A28CD1E0-EB02-49E4-B5E5-F6D81F3BE76D}.Release|Any CPU.ActiveCfg = Release|Any CPU
		{A28CD1E0-EB02-49E4-B5E5-F6D81F3BE76D}.Release|Any CPU.Build.0 = Release|Any CPU
		{3BB5E99D-EE17-4DBB-8428-2CD118BB06BC}.Debug|Any CPU.ActiveCfg = Debug|Any CPU
		{3BB5E99D-EE17-4DBB-8428-2CD118BB06BC}.Debug|Any CPU.Build.0 = Debug|Any CPU
		{3BB5E99D-EE17-4DBB-8428-2CD118BB06BC}.Release|Any CPU.ActiveCfg = Release|Any CPU
		{3BB5E99D-EE17-4DBB-8428-2CD118BB06BC}.Release|Any CPU.Build.0 = Release|Any CPU
		{3FCB6AB3-DE52-4DD1-A2F1-0A80076D52D2}.Debug|Any CPU.ActiveCfg = Debug|Any CPU
		{3FCB6AB3-DE52-4DD1-A2F1-0A80076D52D2}.Debug|Any CPU.Build.0 = Debug|Any CPU
		{3FCB6AB3-DE52-4DD1-A2F1-0A80076D52D2}.Release|Any CPU.ActiveCfg = Release|Any CPU
		{3FCB6AB3-DE52-4DD1-A2F1-0A80076D52D2}.Release|Any CPU.Build.0 = Release|Any CPU
		{6D6F6503-3F20-42C6-8F6E-EE60F4244D2A}.Debug|Any CPU.ActiveCfg = Debug|Any CPU
		{6D6F6503-3F20-42C6-8F6E-EE60F4244D2A}.Debug|Any CPU.Build.0 = Debug|Any CPU
		{6D6F6503-3F20-42C6-8F6E-EE60F4244D2A}.Release|Any CPU.ActiveCfg = Release|Any CPU
		{6D6F6503-3F20-42C6-8F6E-EE60F4244D2A}.Release|Any CPU.Build.0 = Release|Any CPU
		{A272389A-44F0-4A6B-90B1-D06BAB75D001}.Debug|Any CPU.ActiveCfg = Debug|Any CPU
		{A272389A-44F0-4A6B-90B1-D06BAB75D001}.Debug|Any CPU.Build.0 = Debug|Any CPU
		{A272389A-44F0-4A6B-90B1-D06BAB75D001}.Release|Any CPU.ActiveCfg = Release|Any CPU
		{A272389A-44F0-4A6B-90B1-D06BAB75D001}.Release|Any CPU.Build.0 = Release|Any CPU
		{531DA3BF-CB25-4426-82E3-DF2E5224FAA1}.Debug|Any CPU.ActiveCfg = Debug|Any CPU
		{531DA3BF-CB25-4426-82E3-DF2E5224FAA1}.Debug|Any CPU.Build.0 = Debug|Any CPU
		{531DA3BF-CB25-4426-82E3-DF2E5224FAA1}.Release|Any CPU.ActiveCfg = Release|Any CPU
		{531DA3BF-CB25-4426-82E3-DF2E5224FAA1}.Release|Any CPU.Build.0 = Release|Any CPU
		{CF64F6E2-88CF-4C5D-9E96-06D0302B10EB}.Debug|Any CPU.ActiveCfg = Debug|Any CPU
		{CF64F6E2-88CF-4C5D-9E96-06D0302B10EB}.Debug|Any CPU.Build.0 = Debug|Any CPU
		{CF64F6E2-88CF-4C5D-9E96-06D0302B10EB}.Release|Any CPU.ActiveCfg = Release|Any CPU
		{CF64F6E2-88CF-4C5D-9E96-06D0302B10EB}.Release|Any CPU.Build.0 = Release|Any CPU
	EndGlobalSection
	GlobalSection(SolutionProperties) = preSolution
		HideSolutionNode = FALSE
	EndGlobalSection
	GlobalSection(ExtensibilityGlobals) = postSolution
		SolutionGuid = {F7077250-1F8A-491A-8A74-9215B6E4123E}
	EndGlobalSection
EndGlobal
